
Microsoft Visual Studio Solution File, Format Version 12.00
# Visual Studio Version 17
VisualStudioVersion = 17.10.34916.146
MinimumVisualStudioVersion = 10.0.40219.1
Project("{FAE04EC0-301F-11D3-BF4B-00C04F79EFBC}") = "13_algoritmizacion", "13_algoritmizacion\13_algoritmizacion.csproj", "{4DDBDF8B-6A29-41F0-8183-E281F93E4776}"
EndProject
Global
	GlobalSection(SolutionConfigurationPlatforms) = preSolution
		Debug|Any CPU = Debug|Any CPU
		Release|Any CPU = Release|Any CPU
	EndGlobalSection
	GlobalSection(ProjectConfigurationPlatforms) = postSolution
		{4DDBDF8B-6A29-41F0-8183-E281F93E4776}.Debug|Any CPU.ActiveCfg = Debug|Any CPU
		{4DDBDF8B-6A29-41F0-8183-E281F93E4776}.Debug|Any CPU.Build.0 = Debug|Any CPU
		{4DDBDF8B-6A29-41F0-8183-E281F93E4776}.Release|Any CPU.ActiveCfg = Release|Any CPU
		{4DDBDF8B-6A29-41F0-8183-E281F93E4776}.Release|Any CPU.Build.0 = Release|Any CPU
	EndGlobalSection
	GlobalSection(SolutionProperties) = preSolution
		HideSolutionNode = FALSE
	EndGlobalSection
	GlobalSection(ExtensibilityGlobals) = postSolution
		SolutionGuid = {64A33A5E-D962-4A2E-ABE0-6218AD75D1B7}
	EndGlobalSection
EndGlobal
